// !$*UTF8*$!
{
	archiveVersion = 1;
	classes = {
	};
	objectVersion = 50;
	objects = {

/* Begin PBXBuildFile section */
		004EAFDF2126382500B0EEB7 /* AppDelegate.swift in Sources */ = {isa = PBXBuildFile; fileRef = 004EAFDE2126382500B0EEB7 /* AppDelegate.swift */; };
		004EAFE12126382500B0EEB7 /* ViewController.swift in Sources */ = {isa = PBXBuildFile; fileRef = 004EAFE02126382500B0EEB7 /* ViewController.swift */; };
		004EAFE42126382500B0EEB7 /* Main.storyboard in Resources */ = {isa = PBXBuildFile; fileRef = 004EAFE22126382500B0EEB7 /* Main.storyboard */; };
		004EAFE62126382900B0EEB7 /* Assets.xcassets in Resources */ = {isa = PBXBuildFile; fileRef = 004EAFE52126382900B0EEB7 /* Assets.xcassets */; };
		004EAFE92126382900B0EEB7 /* LaunchScreen.storyboard in Resources */ = {isa = PBXBuildFile; fileRef = 004EAFE72126382900B0EEB7 /* LaunchScreen.storyboard */; };
		004EAFF42126382900B0EEB7 /* TippyTests.swift in Sources */ = {isa = PBXBuildFile; fileRef = 004EAFF32126382900B0EEB7 /* TippyTests.swift */; };
		004EAFFF2126382900B0EEB7 /* TippyUITests.swift in Sources */ = {isa = PBXBuildFile; fileRef = 004EAFFE2126382900B0EEB7 /* TippyUITests.swift */; };
/* End PBXBuildFile section */

/* Begin PBXContainerItemProxy section */
		004EAFF02126382900B0EEB7 /* PBXContainerItemProxy */ = {
			isa = PBXContainerItemProxy;
			containerPortal = 004EAFD32126382500B0EEB7 /* Project object */;
			proxyType = 1;
			remoteGlobalIDString = 004EAFDA2126382500B0EEB7;
			remoteInfo = Tippy;
		};
		004EAFFB2126382900B0EEB7 /* PBXContainerItemProxy */ = {
			isa = PBXContainerItemProxy;
			containerPortal = 004EAFD32126382500B0EEB7 /* Project object */;
			proxyType = 1;
			remoteGlobalIDString = 004EAFDA2126382500B0EEB7;
			remoteInfo = Tippy;
		};
/* End PBXContainerItemProxy section */

/* Begin PBXFileReference section */
		004EAFDB2126382500B0EEB7 /* Tippy.app */ = {isa = PBXFileReference; explicitFileType = wrapper.application; includeInIndex = 0; path = Tippy.app; sourceTree = BUILT_PRODUCTS_DIR; };
		004EAFDE2126382500B0EEB7 /* AppDelegate.swift */ = {isa = PBXFileReference; lastKnownFileType = sourcecode.swift; path = AppDelegate.swift; sourceTree = "<group>"; };
		004EAFE02126382500B0EEB7 /* ViewController.swift */ = {isa = PBXFileReference; lastKnownFileType = sourcecode.swift; path = ViewController.swift; sourceTree = "<group>"; };
		004EAFE32126382500B0EEB7 /* Base */ = {isa = PBXFileReference; lastKnownFileType = file.storyboard; name = Base; path = Base.lproj/Main.storyboard; sourceTree = "<group>"; };
		004EAFE52126382900B0EEB7 /* Assets.xcassets */ = {isa = PBXFileReference; lastKnownFileType = folder.assetcatalog; path = Assets.xcassets; sourceTree = "<group>"; };
		004EAFE82126382900B0EEB7 /* Base */ = {isa = PBXFileReference; lastKnownFileType = file.storyboard; name = Base; path = Base.lproj/LaunchScreen.storyboard; sourceTree = "<group>"; };
		004EAFEA2126382900B0EEB7 /* Info.plist */ = {isa = PBXFileReference; lastKnownFileType = text.plist.xml; path = Info.plist; sourceTree = "<group>"; };
		004EAFEF2126382900B0EEB7 /* TippyTests.xctest */ = {isa = PBXFileReference; explicitFileType = wrapper.cfbundle; includeInIndex = 0; path = TippyTests.xctest; sourceTree = BUILT_PRODUCTS_DIR; };
		004EAFF32126382900B0EEB7 /* TippyTests.swift */ = {isa = PBXFileReference; lastKnownFileType = sourcecode.swift; path = TippyTests.swift; sourceTree = "<group>"; };
		004EAFF52126382900B0EEB7 /* Info.plist */ = {isa = PBXFileReference; lastKnownFileType = text.plist.xml; path = Info.plist; sourceTree = "<group>"; };
		004EAFFA2126382900B0EEB7 /* TippyUITests.xctest */ = {isa = PBXFileReference; explicitFileType = wrapper.cfbundle; includeInIndex = 0; path = TippyUITests.xctest; sourceTree = BUILT_PRODUCTS_DIR; };
		004EAFFE2126382900B0EEB7 /* TippyUITests.swift */ = {isa = PBXFileReference; lastKnownFileType = sourcecode.swift; path = TippyUITests.swift; sourceTree = "<group>"; };
		004EB0002126382900B0EEB7 /* Info.plist */ = {isa = PBXFileReference; lastKnownFileType = text.plist.xml; path = Info.plist; sourceTree = "<group>"; };
/* End PBXFileReference section */

/* Begin PBXFrameworksBuildPhase section */
		004EAFD82126382500B0EEB7 /* Frameworks */ = {
			isa = PBXFrameworksBuildPhase;
			buildActionMask = 2147483647;
			files = (
			);
			runOnlyForDeploymentPostprocessing = 0;
		};
		004EAFEC2126382900B0EEB7 /* Frameworks */ = {
			isa = PBXFrameworksBuildPhase;
			buildActionMask = 2147483647;
			files = (
			);
			runOnlyForDeploymentPostprocessing = 0;
		};
		004EAFF72126382900B0EEB7 /* Frameworks */ = {
			isa = PBXFrameworksBuildPhase;
			buildActionMask = 2147483647;
			files = (
			);
			runOnlyForDeploymentPostprocessing = 0;
		};
/* End PBXFrameworksBuildPhase section */

/* Begin PBXGroup section */
		004EAFD22126382500B0EEB7 = {
			isa = PBXGroup;
			children = (
				004EAFDD2126382500B0EEB7 /* Tippy */,
				004EAFF22126382900B0EEB7 /* TippyTests */,
				004EAFFD2126382900B0EEB7 /* TippyUITests */,
				004EAFDC2126382500B0EEB7 /* Products */,
			);
			sourceTree = "<group>";
		};
		004EAFDC2126382500B0EEB7 /* Products */ = {
			isa = PBXGroup;
			children = (
				004EAFDB2126382500B0EEB7 /* Tippy.app */,
				004EAFEF2126382900B0EEB7 /* TippyTests.xctest */,
				004EAFFA2126382900B0EEB7 /* TippyUITests.xctest */,
			);
			name = Products;
			sourceTree = "<group>";
		};
		004EAFDD2126382500B0EEB7 /* Tippy */ = {
			isa = PBXGroup;
			children = (
				004EAFDE2126382500B0EEB7 /* AppDelegate.swift */,
				004EAFE02126382500B0EEB7 /* ViewController.swift */,
				004EAFE22126382500B0EEB7 /* Main.storyboard */,
				004EAFE52126382900B0EEB7 /* Assets.xcassets */,
				004EAFE72126382900B0EEB7 /* LaunchScreen.storyboard */,
				004EAFEA2126382900B0EEB7 /* Info.plist */,
			);
			path = Tippy;
			sourceTree = "<group>";
		};
		004EAFF22126382900B0EEB7 /* TippyTests */ = {
			isa = PBXGroup;
			children = (
				004EAFF32126382900B0EEB7 /* TippyTests.swift */,
				004EAFF52126382900B0EEB7 /* Info.plist */,
			);
			path = TippyTests;
			sourceTree = "<group>";
		};
		004EAFFD2126382900B0EEB7 /* TippyUITests */ = {
			isa = PBXGroup;
			children = (
				004EAFFE2126382900B0EEB7 /* TippyUITests.swift */,
				004EB0002126382900B0EEB7 /* Info.plist */,
			);
			path = TippyUITests;
			sourceTree = "<group>";
		};
/* End PBXGroup section */

/* Begin PBXNativeTarget section */
		004EAFDA2126382500B0EEB7 /* Tippy */ = {
			isa = PBXNativeTarget;
			buildConfigurationList = 004EB0032126382900B0EEB7 /* Build configuration list for PBXNativeTarget "Tippy" */;
			buildPhases = (
				004EAFD72126382500B0EEB7 /* Sources */,
				004EAFD82126382500B0EEB7 /* Frameworks */,
				004EAFD92126382500B0EEB7 /* Resources */,
			);
			buildRules = (
			);
			dependencies = (
			);
			name = Tippy;
			productName = Tippy;
			productReference = 004EAFDB2126382500B0EEB7 /* Tippy.app */;
			productType = "com.apple.product-type.application";
		};
		004EAFEE2126382900B0EEB7 /* TippyTests */ = {
			isa = PBXNativeTarget;
			buildConfigurationList = 004EB0062126382900B0EEB7 /* Build configuration list for PBXNativeTarget "TippyTests" */;
			buildPhases = (
				004EAFEB2126382900B0EEB7 /* Sources */,
				004EAFEC2126382900B0EEB7 /* Frameworks */,
				004EAFED2126382900B0EEB7 /* Resources */,
			);
			buildRules = (
			);
			dependencies = (
				004EAFF12126382900B0EEB7 /* PBXTargetDependency */,
			);
			name = TippyTests;
			productName = TippyTests;
			productReference = 004EAFEF2126382900B0EEB7 /* TippyTests.xctest */;
			productType = "com.apple.product-type.bundle.unit-test";
		};
		004EAFF92126382900B0EEB7 /* TippyUITests */ = {
			isa = PBXNativeTarget;
			buildConfigurationList = 004EB0092126382900B0EEB7 /* Build configuration list for PBXNativeTarget "TippyUITests" */;
			buildPhases = (
				004EAFF62126382900B0EEB7 /* Sources */,
				004EAFF72126382900B0EEB7 /* Frameworks */,
				004EAFF82126382900B0EEB7 /* Resources */,
			);
			buildRules = (
			);
			dependencies = (
				004EAFFC2126382900B0EEB7 /* PBXTargetDependency */,
			);
			name = TippyUITests;
			productName = TippyUITests;
			productReference = 004EAFFA2126382900B0EEB7 /* TippyUITests.xctest */;
			productType = "com.apple.product-type.bundle.ui-testing";
		};
/* End PBXNativeTarget section */

/* Begin PBXProject section */
		004EAFD32126382500B0EEB7 /* Project object */ = {
			isa = PBXProject;
			attributes = {
				LastSwiftUpdateCheck = 0940;
				LastUpgradeCheck = 0940;
				ORGANIZATIONNAME = "Asim Hirji";
				TargetAttributes = {
					004EAFDA2126382500B0EEB7 = {
						CreatedOnToolsVersion = 9.4.1;
					};
					004EAFEE2126382900B0EEB7 = {
						CreatedOnToolsVersion = 9.4.1;
						TestTargetID = 004EAFDA2126382500B0EEB7;
					};
					004EAFF92126382900B0EEB7 = {
						CreatedOnToolsVersion = 9.4.1;
						TestTargetID = 004EAFDA2126382500B0EEB7;
					};
				};
			};
			buildConfigurationList = 004EAFD62126382500B0EEB7 /* Build configuration list for PBXProject "Tippy" */;
			compatibilityVersion = "Xcode 9.3";
			developmentRegion = en;
			hasScannedForEncodings = 0;
			knownRegions = (
				en,
				Base,
			);
			mainGroup = 004EAFD22126382500B0EEB7;
			productRefGroup = 004EAFDC2126382500B0EEB7 /* Products */;
			projectDirPath = "";
			projectRoot = "";
			targets = (
				004EAFDA2126382500B0EEB7 /* Tippy */,
				004EAFEE2126382900B0EEB7 /* TippyTests */,
				004EAFF92126382900B0EEB7 /* TippyUITests */,
			);
		};
/* End PBXProject section */

/* Begin PBXResourcesBuildPhase section */
		004EAFD92126382500B0EEB7 /* Resources */ = {
			isa = PBXResourcesBuildPhase;
			buildActionMask = 2147483647;
			files = (
				004EAFE92126382900B0EEB7 /* LaunchScreen.storyboard in Resources */,
				004EAFE62126382900B0EEB7 /* Assets.xcassets in Resources */,
				004EAFE42126382500B0EEB7 /* Main.storyboard in Resources */,
			);
			runOnlyForDeploymentPostprocessing = 0;
		};
		004EAFED2126382900B0EEB7 /* Resources */ = {
			isa = PBXResourcesBuildPhase;
			buildActionMask = 2147483647;
			files = (
			);
			runOnlyForDeploymentPostprocessing = 0;
		};
		004EAFF82126382900B0EEB7 /* Resources */ = {
			isa = PBXResourcesBuildPhase;
			buildActionMask = 2147483647;
			files = (
			);
			runOnlyForDeploymentPostprocessing = 0;
		};
/* End PBXResourcesBuildPhase section */

/* Begin PBXSourcesBuildPhase section */
		004EAFD72126382500B0EEB7 /* Sources */ = {
			isa = PBXSourcesBuildPhase;
			buildActionMask = 2147483647;
			files = (
				004EAFE12126382500B0EEB7 /* ViewController.swift in Sources */,
				004EAFDF2126382500B0EEB7 /* AppDelegate.swift in Sources */,
			);
			runOnlyForDeploymentPostprocessing = 0;
		};
		004EAFEB2126382900B0EEB7 /* Sources */ = {
			isa = PBXSourcesBuildPhase;
			buildActionMask = 2147483647;
			files = (
				004EAFF42126382900B0EEB7 /* TippyTests.swift in Sources */,
			);
			runOnlyForDeploymentPostprocessing = 0;
		};
		004EAFF62126382900B0EEB7 /* Sources */ = {
			isa = PBXSourcesBuildPhase;
			buildActionMask = 2147483647;
			files = (
				004EAFFF2126382900B0EEB7 /* TippyUITests.swift in Sources */,
			);
			runOnlyForDeploymentPostprocessing = 0;
		};
/* End PBXSourcesBuildPhase section */

/* Begin PBXTargetDependency section */
		004EAFF12126382900B0EEB7 /* PBXTargetDependency */ = {
			isa = PBXTargetDependency;
			target = 004EAFDA2126382500B0EEB7 /* Tippy */;
			targetProxy = 004EAFF02126382900B0EEB7 /* PBXContainerItemProxy */;
		};
		004EAFFC2126382900B0EEB7 /* PBXTargetDependency */ = {
			isa = PBXTargetDependency;
			target = 004EAFDA2126382500B0EEB7 /* Tippy */;
			targetProxy = 004EAFFB2126382900B0EEB7 /* PBXContainerItemProxy */;
		};
/* End PBXTargetDependency section */

/* Begin PBXVariantGroup section */
		004EAFE22126382500B0EEB7 /* Main.storyboard */ = {
			isa = PBXVariantGroup;
			children = (
				004EAFE32126382500B0EEB7 /* Base */,
			);
			name = Main.storyboard;
			sourceTree = "<group>";
		};
		004EAFE72126382900B0EEB7 /* LaunchScreen.storyboard */ = {
			isa = PBXVariantGroup;
			children = (
				004EAFE82126382900B0EEB7 /* Base */,
			);
			name = LaunchScreen.storyboard;
			sourceTree = "<group>";
		};
/* End PBXVariantGroup section */

/* Begin XCBuildConfiguration section */
		004EB0012126382900B0EEB7 /* Debug */ = {
			isa = XCBuildConfiguration;
			buildSettings = {
				ALWAYS_SEARCH_USER_PATHS = NO;
				CLANG_ANALYZER_NONNULL = YES;
				CLANG_ANALYZER_NUMBER_OBJECT_CONVERSION = YES_AGGRESSIVE;
				CLANG_CXX_LANGUAGE_STANDARD = "gnu++14";
				CLANG_CXX_LIBRARY = "libc++";
				CLANG_ENABLE_MODULES = YES;
				CLANG_ENABLE_OBJC_ARC = YES;
				CLANG_ENABLE_OBJC_WEAK = YES;
				CLANG_WARN_BLOCK_CAPTURE_AUTORELEASING = YES;
				CLANG_WARN_BOOL_CONVERSION = YES;
				CLANG_WARN_COMMA = YES;
				CLANG_WARN_CONSTANT_CONVERSION = YES;
				CLANG_WARN_DEPRECATED_OBJC_IMPLEMENTATIONS = YES;
				CLANG_WARN_DIRECT_OBJC_ISA_USAGE = YES_ERROR;
				CLANG_WARN_DOCUMENTATION_COMMENTS = YES;
				CLANG_WARN_EMPTY_BODY = YES;
				CLANG_WARN_ENUM_CONVERSION = YES;
				CLANG_WARN_INFINITE_RECURSION = YES;
				CLANG_WARN_INT_CONVERSION = YES;
				CLANG_WARN_NON_LITERAL_NULL_CONVERSION = YES;
				CLANG_WARN_OBJC_IMPLICIT_RETAIN_SELF = YES;
				CLANG_WARN_OBJC_LITERAL_CONVERSION = YES;
				CLANG_WARN_OBJC_ROOT_CLASS = YES_ERROR;
				CLANG_WARN_RANGE_LOOP_ANALYSIS = YES;
				CLANG_WARN_STRICT_PROTOTYPES = YES;
				CLANG_WARN_SUSPICIOUS_MOVE = YES;
				CLANG_WARN_UNGUARDED_AVAILABILITY = YES_AGGRESSIVE;
				CLANG_WARN_UNREACHABLE_CODE = YES;
				CLANG_WARN__DUPLICATE_METHOD_MATCH = YES;
				CODE_SIGN_IDENTITY = "iPhone Developer";
				COPY_PHASE_STRIP = NO;
				DEBUG_INFORMATION_FORMAT = dwarf;
				ENABLE_STRICT_OBJC_MSGSEND = YES;
				ENABLE_TESTABILITY = YES;
				GCC_C_LANGUAGE_STANDARD = gnu11;
				GCC_DYNAMIC_NO_PIC = NO;
				GCC_NO_COMMON_BLOCKS = YES;
				GCC_OPTIMIZATION_LEVEL = 0;
				GCC_PREPROCESSOR_DEFINITIONS = (
					"DEBUG=1",
					"$(inherited)",
				);
				GCC_WARN_64_TO_32_BIT_CONVERSION = YES;
				GCC_WARN_ABOUT_RETURN_TYPE = YES_ERROR;
				GCC_WARN_UNDECLARED_SELECTOR = YES;
				GCC_WARN_UNINITIALIZED_AUTOS = YES_AGGRESSIVE;
				GCC_WARN_UNUSED_FUNCTION = YES;
				GCC_WARN_UNUSED_VARIABLE = YES;
				IPHONEOS_DEPLOYMENT_TARGET = 11.4;
				MTL_ENABLE_DEBUG_INFO = YES;
				ONLY_ACTIVE_ARCH = YES;
				SDKROOT = iphoneos;
				SWIFT_ACTIVE_COMPILATION_CONDITIONS = DEBUG;
				SWIFT_OPTIMIZATION_LEVEL = "-Onone";
			};
			name = Debug;
		};
		004EB0022126382900B0EEB7 /* Release */ = {
			isa = XCBuildConfiguration;
			buildSettings = {
				ALWAYS_SEARCH_USER_PATHS = NO;
				CLANG_ANALYZER_NONNULL = YES;
				CLANG_ANALYZER_NUMBER_OBJECT_CONVERSION = YES_AGGRESSIVE;
				CLANG_CXX_LANGUAGE_STANDARD = "gnu++14";
				CLANG_CXX_LIBRARY = "libc++";
				CLANG_ENABLE_MODULES = YES;
				CLANG_ENABLE_OBJC_ARC = YES;
				CLANG_ENABLE_OBJC_WEAK = YES;
				CLANG_WARN_BLOCK_CAPTURE_AUTORELEASING = YES;
				CLANG_WARN_BOOL_CONVERSION = YES;
				CLANG_WARN_COMMA = YES;
				CLANG_WARN_CONSTANT_CONVERSION = YES;
				CLANG_WARN_DEPRECATED_OBJC_IMPLEMENTATIONS = YES;
				CLANG_WARN_DIRECT_OBJC_ISA_USAGE = YES_ERROR;
				CLANG_WARN_DOCUMENTATION_COMMENTS = YES;
				CLANG_WARN_EMPTY_BODY = YES;
				CLANG_WARN_ENUM_CONVERSION = YES;
				CLANG_WARN_INFINITE_RECURSION = YES;
				CLANG_WARN_INT_CONVERSION = YES;
				CLANG_WARN_NON_LITERAL_NULL_CONVERSION = YES;
				CLANG_WARN_OBJC_IMPLICIT_RETAIN_SELF = YES;
				CLANG_WARN_OBJC_LITERAL_CONVERSION = YES;
				CLANG_WARN_OBJC_ROOT_CLASS = YES_ERROR;
				CLANG_WARN_RANGE_LOOP_ANALYSIS = YES;
				CLANG_WARN_STRICT_PROTOTYPES = YES;
				CLANG_WARN_SUSPICIOUS_MOVE = YES;
				CLANG_WARN_UNGUARDED_AVAILABILITY = YES_AGGRESSIVE;
				CLANG_WARN_UNREACHABLE_CODE = YES;
				CLANG_WARN__DUPLICATE_METHOD_MATCH = YES;
				CODE_SIGN_IDENTITY = "iPhone Developer";
				COPY_PHASE_STRIP = NO;
				DEBUG_INFORMATION_FORMAT = "dwarf-with-dsym";
				ENABLE_NS_ASSERTIONS = NO;
				ENABLE_STRICT_OBJC_MSGSEND = YES;
				GCC_C_LANGUAGE_STANDARD = gnu11;
				GCC_NO_COMMON_BLOCKS = YES;
				GCC_WARN_64_TO_32_BIT_CONVERSION = YES;
				GCC_WARN_ABOUT_RETURN_TYPE = YES_ERROR;
				GCC_WARN_UNDECLARED_SELECTOR = YES;
				GCC_WARN_UNINITIALIZED_AUTOS = YES_AGGRESSIVE;
				GCC_WARN_UNUSED_FUNCTION = YES;
				GCC_WARN_UNUSED_VARIABLE = YES;
				IPHONEOS_DEPLOYMENT_TARGET = 11.4;
				MTL_ENABLE_DEBUG_INFO = NO;
				SDKROOT = iphoneos;
				SWIFT_COMPILATION_MODE = wholemodule;
				SWIFT_OPTIMIZATION_LEVEL = "-O";
				VALIDATE_PRODUCT = YES;
			};
			name = Release;
		};
		004EB0042126382900B0EEB7 /* Debug */ = {
			isa = XCBuildConfiguration;
			buildSettings = {
				ASSETCATALOG_COMPILER_APPICON_NAME = AppIcon;
				CODE_SIGN_STYLE = Automatic;
				DEVELOPMENT_TEAM = ND5JPN67C2;
				INFOPLIST_FILE = Tippy/Info.plist;
				LD_RUNPATH_SEARCH_PATHS = (
					"$(inherited)",
					"@executable_path/Frameworks",
				);
				PRODUCT_BUNDLE_IDENTIFIER = com.AsimHirji.Tippy;
				PRODUCT_NAME = "$(TARGET_NAME)";
				SWIFT_VERSION = 4.0;
				TARGETED_DEVICE_FAMILY = "1,2";
			};
			name = Debug;
		};
		004EB0052126382900B0EEB7 /* Release */ = {
			isa = XCBuildConfiguration;
			buildSettings = {
				ASSETCATALOG_COMPILER_APPICON_NAME = AppIcon;
				CODE_SIGN_STYLE = Automatic;
				DEVELOPMENT_TEAM = ND5JPN67C2;
				INFOPLIST_FILE = Tippy/Info.plist;
				LD_RUNPATH_SEARCH_PATHS = (
					"$(inherited)",
					"@executable_path/Frameworks",
				);
				PRODUCT_BUNDLE_IDENTIFIER = com.AsimHirji.Tippy;
				PRODUCT_NAME = "$(TARGET_NAME)";
				SWIFT_VERSION = 4.0;
				TARGETED_DEVICE_FAMILY = "1,2";
			};
			name = Release;
		};
		004EB0072126382900B0EEB7 /* Debug */ = {
			isa = XCBuildConfiguration;
			buildSettings = {
				ALWAYS_EMBED_SWIFT_STANDARD_LIBRARIES = YES;
				BUNDLE_LOADER = "$(TEST_HOST)";
				CODE_SIGN_STYLE = Automatic;
				DEVELOPMENT_TEAM = ND5JPN67C2;
				INFOPLIST_FILE = TippyTests/Info.plist;
				LD_RUNPATH_SEARCH_PATHS = (
					"$(inherited)",
					"@executable_path/Frameworks",
					"@loader_path/Frameworks",
				);
				PRODUCT_BUNDLE_IDENTIFIER = com.AsimHirji.TippyTests;
				PRODUCT_NAME = "$(TARGET_NAME)";
				SWIFT_VERSION = 4.0;
				TARGETED_DEVICE_FAMILY = "1,2";
				TEST_HOST = "$(BUILT_PRODUCTS_DIR)/Tippy.app/Tippy";
			};
			name = Debug;
		};
		004EB0082126382900B0EEB7 /* Release */ = {
			isa = XCBuildConfiguration;
			buildSettings = {
				ALWAYS_EMBED_SWIFT_STANDARD_LIBRARIES = YES;
				BUNDLE_LOADER = "$(TEST_HOST)";
				CODE_SIGN_STYLE = Automatic;
				DEVELOPMENT_TEAM = ND5JPN67C2;
				INFOPLIST_FILE = TippyTests/Info.plist;
				LD_RUNPATH_SEARCH_PATHS = (
					"$(inherited)",
					"@executable_path/Frameworks",
					"@loader_path/Frameworks",
				);
				PRODUCT_BUNDLE_IDENTIFIER = com.AsimHirji.TippyTests;
				PRODUCT_NAME = "$(TARGET_NAME)";
				SWIFT_VERSION = 4.0;
				TARGETED_DEVICE_FAMILY = "1,2";
				TEST_HOST = "$(BUILT_PRODUCTS_DIR)/Tippy.app/Tippy";
			};
			name = Release;
		};
		004EB00A2126382900B0EEB7 /* Debug */ = {
			isa = XCBuildConfiguration;
			buildSettings = {
				ALWAYS_EMBED_SWIFT_STANDARD_LIBRARIES = YES;
				CODE_SIGN_STYLE = Automatic;
				DEVELOPMENT_TEAM = ND5JPN67C2;
				INFOPLIST_FILE = TippyUITests/Info.plist;
				LD_RUNPATH_SEARCH_PATHS = (
					"$(inherited)",
					"@executable_path/Frameworks",
					"@loader_path/Frameworks",
				);
				PRODUCT_BUNDLE_IDENTIFIER = com.AsimHirji.TippyUITests;
				PRODUCT_NAME = "$(TARGET_NAME)";
				SWIFT_VERSION = 4.0;
				TARGETED_DEVICE_FAMILY = "1,2";
				TEST_TARGET_NAME = Tippy;
			};
			name = Debug;
		};
		004EB00B2126382900B0EEB7 /* Release */ = {
			isa = XCBuildConfiguration;
			buildSettings = {
				ALWAYS_EMBED_SWIFT_STANDARD_LIBRARIES = YES;
				CODE_SIGN_STYLE = Automatic;
				DEVELOPMENT_TEAM = ND5JPN67C2;
				INFOPLIST_FILE = TippyUITests/Info.plist;
				LD_RUNPATH_SEARCH_PATHS = (
					"$(inherited)",
					"@executable_path/Frameworks",
					"@loader_path/Frameworks",
				);
				PRODUCT_BUNDLE_IDENTIFIER = com.AsimHirji.TippyUITests;
				PRODUCT_NAME = "$(TARGET_NAME)";
				SWIFT_VERSION = 4.0;
				TARGETED_DEVICE_FAMILY = "1,2";
				TEST_TARGET_NAME = Tippy;
			};
			name = Release;
		};
/* End XCBuildConfiguration section */

/* Begin XCConfigurationList section */
		004EAFD62126382500B0EEB7 /* Build configuration list for PBXProject "Tippy" */ = {
			isa = XCConfigurationList;
			buildConfigurations = (
				004EB0012126382900B0EEB7 /* Debug */,
				004EB0022126382900B0EEB7 /* Release */,
			);
			defaultConfigurationIsVisible = 0;
			defaultConfigurationName = Release;
		};
		004EB0032126382900B0EEB7 /* Build configuration list for PBXNativeTarget "Tippy" */ = {
			isa = XCConfigurationList;
			buildConfigurations = (
				004EB0042126382900B0EEB7 /* Debug */,
				004EB0052126382900B0EEB7 /* Release */,
			);
			defaultConfigurationIsVisible = 0;
			defaultConfigurationName = Release;
		};
		004EB0062126382900B0EEB7 /* Build configuration list for PBXNativeTarget "TippyTests" */ = {
			isa = XCConfigurationList;
			buildConfigurations = (
				004EB0072126382900B0EEB7 /* Debug */,
				004EB0082126382900B0EEB7 /* Release */,
			);
			defaultConfigurationIsVisible = 0;
			defaultConfigurationName = Release;
		};
		004EB0092126382900B0EEB7 /* Build configuration list for PBXNativeTarget "TippyUITests" */ = {
			isa = XCConfigurationList;
			buildConfigurations = (
				004EB00A2126382900B0EEB7 /* Debug */,
				004EB00B2126382900B0EEB7 /* Release */,
			);
			defaultConfigurationIsVisible = 0;
			defaultConfigurationName = Release;
		};
/* End XCConfigurationList section */
	};
	rootObject = 004EAFD32126382500B0EEB7 /* Project object */;
}
